
Microsoft Visual Studio Solution File, Format Version 12.00
# Visual Studio Version 17
VisualStudioVersion = 17.4.33213.308
MinimumVisualStudioVersion = 10.0.40219.1
Project("{FAE04EC0-301F-11D3-BF4B-00C04F79EFBC}") = "ManagedLibreHardwareMonitor", "ManagedLibreHardwareMonitor\ManagedLibreHardwareMonitor.csproj", "{406FCA04-E84A-4645-B480-928F71AEE34C}"
EndProject
Project("{8BC9CEB8-8B4A-11D0-8D11-00A0C91BC942}") = "ManagedLibreHardwareMonitorWrapper", "ManagedLibreHardwareMonitorWrapper\ManagedLibreHardwareMonitorWrapper.vcxproj", "{FCCC4C66-8957-4F42-A5E1-34FC2B8A5030}"
EndProject
Global
	GlobalSection(SolutionConfigurationPlatforms) = preSolution
		Debug|Any CPU = Debug|Any CPU
		Debug|x64 = Debug|x64
		Debug|x86 = Debug|x86
		Release|Any CPU = Release|Any CPU
		Release|x64 = Release|x64
		Release|x86 = Release|x86
	EndGlobalSection
	GlobalSection(ProjectConfigurationPlatforms) = postSolution
		{406FCA04-E84A-4645-B480-928F71AEE34C}.Debug|Any CPU.ActiveCfg = Debug|Any CPU
		{406FCA04-E84A-4645-B480-928F71AEE34C}.Debug|Any CPU.Build.0 = Debug|Any CPU
		{406FCA04-E84A-4645-B480-928F71AEE34C}.Debug|x64.ActiveCfg = Debug|Any CPU
		{406FCA04-E84A-4645-B480-928F71AEE34C}.Debug|x64.Build.0 = Debug|Any CPU
		{406FCA04-E84A-4645-B480-928F71AEE34C}.Debug|x86.ActiveCfg = Debug|Any CPU
		{406FCA04-E84A-4645-B480-928F71AEE34C}.Debug|x86.Build.0 = Debug|Any CPU
		{406FCA04-E84A-4645-B480-928F71AEE34C}.Release|Any CPU.ActiveCfg = Release|Any CPU
		{406FCA04-E84A-4645-B480-928F71AEE34C}.Release|Any CPU.Build.0 = Release|Any CPU
		{406FCA04-E84A-4645-B480-928F71AEE34C}.Release|x64.ActiveCfg = Release|Any CPU
		{406FCA04-E84A-4645-B480-928F71AEE34C}.Release|x64.Build.0 = Release|Any CPU
		{406FCA04-E84A-4645-B480-928F71AEE34C}.Release|x86.ActiveCfg = Release|Any CPU
		{406FCA04-E84A-4645-B480-928F71AEE34C}.Release|x86.Build.0 = Release|Any CPU
		{FCCC4C66-8957-4F42-A5E1-34FC2B8A5030}.Debug|Any CPU.ActiveCfg = Debug|x64
		{FCCC4C66-8957-4F42-A5E1-34FC2B8A5030}.Debug|Any CPU.Build.0 = Debug|x64
		{FCCC4C66-8957-4F42-A5E1-34FC2B8A5030}.Debug|x64.ActiveCfg = Debug|x64
		{FCCC4C66-8957-4F42-A5E1-34FC2B8A5030}.Debug|x64.Build.0 = Debug|x64
		{FCCC4C66-8957-4F42-A5E1-34FC2B8A5030}.Debug|x86.ActiveCfg = Debug|Win32
		{FCCC4C66-8957-4F42-A5E1-34FC2B8A5030}.Debug|x86.Build.0 = Debug|Win32
		{FCCC4C66-8957-4F42-A5E1-34FC2B8A5030}.Release|Any CPU.ActiveCfg = Release|x64
		{FCCC4C66-8957-4F42-A5E1-34FC2B8A5030}.Release|Any CPU.Build.0 = Release|x64
		{FCCC4C66-8957-4F42-A5E1-34FC2B8A5030}.Release|x64.ActiveCfg = Release|x64
		{FCCC4C66-8957-4F42-A5E1-34FC2B8A5030}.Release|x64.Build.0 = Release|x64
		{FCCC4C66-8957-4F42-A5E1-34FC2B8A5030}.Release|x86.ActiveCfg = Release|Win32
		{FCCC4C66-8957-4F42-A5E1-34FC2B8A5030}.Release|x86.Build.0 = Release|Win32
	EndGlobalSection
	GlobalSection(SolutionProperties) = preSolution
		HideSolutionNode = FALSE
	EndGlobalSection
	GlobalSection(ExtensibilityGlobals) = postSolution
		SolutionGuid = {35124E00-D7E6-4BC2-BE1A-A85FE53D9340}
	EndGlobalSection
EndGlobal
